// !$*UTF8*$!
{
	archiveVersion = 1;
	classes = {
	};
	objectVersion = 50;
	objects = {

/* Begin PBXBuildFile section */
		FE5C151B20C9F18200F977A7 /* carrier.png in Resources */ = {isa = PBXBuildFile; fileRef = FE5C151A20C9F18200F977A7 /* carrier.png */; };
		FE5C152120C9F29C00F977A7 /* drill-filled.png in Resources */ = {isa = PBXBuildFile; fileRef = FE5C152020C9F29C00F977A7 /* drill-filled.png */; };
		FE5C152320C9F44D00F977A7 /* badges.png in Resources */ = {isa = PBXBuildFile; fileRef = FE5C152220C9F44B00F977A7 /* badges.png */; };
		FE5C152620C9F65900F977A7 /* revokes.png in Resources */ = {isa = PBXBuildFile; fileRef = FE5C152420C9F65200F977A7 /* revokes.png */; };
		FE5C152720C9F65900F977A7 /* updates.png in Resources */ = {isa = PBXBuildFile; fileRef = FE5C152520C9F65800F977A7 /* updates.png */; };
		FE5C152920CA037300F977A7 /* TweakBox.png in Resources */ = {isa = PBXBuildFile; fileRef = FE5C152820CA037200F977A7 /* TweakBox.png */; };
		FE5C152B20CA06D800F977A7 /* TwilightLogo.png in Resources */ = {isa = PBXBuildFile; fileRef = FE5C152A20CA06D500F977A7 /* TwilightLogo.png */; };
		FE5C152D20CA0A0900F977A7 /* emoji.png in Resources */ = {isa = PBXBuildFile; fileRef = FE5C152C20CA0A0300F977A7 /* emoji.png */; };
		FE5C152F20CA0AEA00F977A7 /* screenresolution.png in Resources */ = {isa = PBXBuildFile; fileRef = FE5C152E20CA0AE800F977A7 /* screenresolution.png */; };
		FE5C153220CA126900F977A7 /* UITextField+Placeholder.swift in Sources */ = {isa = PBXBuildFile; fileRef = FE5C153120CA126900F977A7 /* UITextField+Placeholder.swift */; };
		FE5C153620CA132B00F977A7 /* CarrierNameTableViewController.m in Sources */ = {isa = PBXBuildFile; fileRef = FE5C153520CA132B00F977A7 /* CarrierNameTableViewController.m */; };
		FE5C153A20CA135300F977A7 /* utilities.m in Sources */ = {isa = PBXBuildFile; fileRef = FE5C153920CA135300F977A7 /* utilities.m */; };
		FE5C153C20CA184600F977A7 /* carrier_screenshot.png in Resources */ = {isa = PBXBuildFile; fileRef = FE5C153B20CA184300F977A7 /* carrier_screenshot.png */; };
		FE5C153E20CA1A9600F977A7 /* badges_screenshot.png in Resources */ = {isa = PBXBuildFile; fileRef = FE5C153D20CA1A9300F977A7 /* badges_screenshot.png */; };
		FE5C155020CA1D9500F977A7 /* jelbrek.m in Sources */ = {isa = PBXBuildFile; fileRef = FE5C154720CA1D9500F977A7 /* jelbrek.m */; };
		FE5C155120CA1D9500F977A7 /* offsetof.c in Sources */ = {isa = PBXBuildFile; fileRef = FE5C154920CA1D9500F977A7 /* offsetof.c */; };
		FE5C155220CA1D9500F977A7 /* libjb.m in Sources */ = {isa = PBXBuildFile; fileRef = FE5C154A20CA1D9500F977A7 /* libjb.m */; };
		FE5C155320CA1D9500F977A7 /* kern_utils.m in Sources */ = {isa = PBXBuildFile; fileRef = FE5C154C20CA1D9500F977A7 /* kern_utils.m */; };
		FE5C155420CA1D9500F977A7 /* patchfinder64.m in Sources */ = {isa = PBXBuildFile; fileRef = FE5C154E20CA1D9500F977A7 /* patchfinder64.m */; };
		FE5D2F8D20CA211500995B65 /* MBSegue.m in Sources */ = {isa = PBXBuildFile; fileRef = FE5D2F8A20CA211400995B65 /* MBSegue.m */; };
		FE5D2F8E20CA211500995B65 /* MBFadeSegue.m in Sources */ = {isa = PBXBuildFile; fileRef = FE5D2F8C20CA211500995B65 /* MBFadeSegue.m */; };
		FE5D2F9020CA27BC00995B65 /* twilightupdates.png in Resources */ = {isa = PBXBuildFile; fileRef = FE5D2F8F20CA27B800995B65 /* twilightupdates.png */; };
		FE5D2F9220CA2AA900995B65 /* twilight_updates.jpg in Resources */ = {isa = PBXBuildFile; fileRef = FE5D2F9120CA2AA400995B65 /* twilight_updates.jpg */; };
		FE5D2F9420CA2D5A00995B65 /* ads.png in Resources */ = {isa = PBXBuildFile; fileRef = FE5D2F9320CA2D5500995B65 /* ads.png */; };
		FE5D2F9720CA33CA00995B65 /* tweaks.m in Sources */ = {isa = PBXBuildFile; fileRef = FE5D2F9620CA33CA00995B65 /* tweaks.m */; };
		FEDA149420CA488400EB4442 /* SCLTimerDisplay.m in Sources */ = {isa = PBXBuildFile; fileRef = FEDA148420CA488400EB4442 /* SCLTimerDisplay.m */; };
		FEDA149520CA488400EB4442 /* SCLAlertViewStyleKit.m in Sources */ = {isa = PBXBuildFile; fileRef = FEDA148620CA488400EB4442 /* SCLAlertViewStyleKit.m */; };
		FEDA149620CA488400EB4442 /* SCLAlertViewResponder.m in Sources */ = {isa = PBXBuildFile; fileRef = FEDA148A20CA488400EB4442 /* SCLAlertViewResponder.m */; };
		FEDA149720CA488400EB4442 /* SCLTextView.m in Sources */ = {isa = PBXBuildFile; fileRef = FEDA148B20CA488400EB4442 /* SCLTextView.m */; };
		FEDA149820CA488400EB4442 /* SCLSwitchView.m in Sources */ = {isa = PBXBuildFile; fileRef = FEDA148C20CA488400EB4442 /* SCLSwitchView.m */; };
		FEDA149920CA488400EB4442 /* SCLButton.m in Sources */ = {isa = PBXBuildFile; fileRef = FEDA148E20CA488400EB4442 /* SCLButton.m */; };
		FEDA149A20CA488400EB4442 /* UIImage+ImageEffects.m in Sources */ = {isa = PBXBuildFile; fileRef = FEDA149020CA488400EB4442 /* UIImage+ImageEffects.m */; };
		FEDA149B20CA488400EB4442 /* SCLAlertView.m in Sources */ = {isa = PBXBuildFile; fileRef = FEDA149320CA488400EB4442 /* SCLAlertView.m */; };
		FEE367ED20CA6B4900B4AB55 /* RoundedView.swift in Sources */ = {isa = PBXBuildFile; fileRef = FEE367EC20CA6B4900B4AB55 /* RoundedView.swift */; };
		FEE367F020CA6BDF00B4AB55 /* ExploitFailedViewController.m in Sources */ = {isa = PBXBuildFile; fileRef = FEE367EF20CA6BDF00B4AB55 /* ExploitFailedViewController.m */; };
		FEE367F320CA6CC400B4AB55 /* BadgeColorTableViewController.m in Sources */ = {isa = PBXBuildFile; fileRef = FEE367F220CA6CC400B4AB55 /* BadgeColorTableViewController.m */; };
		FEF3267E20C9DDD300CD752D /* AppDelegate.m in Sources */ = {isa = PBXBuildFile; fileRef = FEF3267D20C9DDD300CD752D /* AppDelegate.m */; };
		FEF3268720C9DDD300CD752D /* Main.storyboard in Resources */ = {isa = PBXBuildFile; fileRef = FEF3268520C9DDD300CD752D /* Main.storyboard */; };
		FEF3268920C9DDD800CD752D /* Assets.xcassets in Resources */ = {isa = PBXBuildFile; fileRef = FEF3268820C9DDD800CD752D /* Assets.xcassets */; };
		FEF3268C20C9DDD800CD752D /* LaunchScreen.storyboard in Resources */ = {isa = PBXBuildFile; fileRef = FEF3268A20C9DDD800CD752D /* LaunchScreen.storyboard */; };
		FEF3268F20C9DDD800CD752D /* main.m in Sources */ = {isa = PBXBuildFile; fileRef = FEF3268E20C9DDD800CD752D /* main.m */; };
		FEF3269820C9E4A400CD752D /* HomeTableViewController.m in Sources */ = {isa = PBXBuildFile; fileRef = FEF3269720C9E4A400CD752D /* HomeTableViewController.m */; };
		FEFCC4DD20CA1DF00062E025 /* offsets.m in Sources */ = {isa = PBXBuildFile; fileRef = FEFCC4DA20CA1DEF0062E025 /* offsets.m */; };
		FEFCC4DE20CA1DF00062E025 /* sploit.c in Sources */ = {isa = PBXBuildFile; fileRef = FEFCC4DB20CA1DEF0062E025 /* sploit.c */; };
		FEFCC4E120CA1E2E0062E025 /* ExploitingViewController.m in Sources */ = {isa = PBXBuildFile; fileRef = FEFCC4E020CA1E2E0062E025 /* ExploitingViewController.m */; };
		FEFCC4E420CA1F810062E025 /* macOSMojaveDay.jpg in Resources */ = {isa = PBXBuildFile; fileRef = FEFCC4E220CA1F7C0062E025 /* macOSMojaveDay.jpg */; };
		FEFCC4E520CA1F810062E025 /* macOSMojaveNight.jpg in Resources */ = {isa = PBXBuildFile; fileRef = FEFCC4E320CA1F7F0062E025 /* macOSMojaveNight.jpg */; };
/* End PBXBuildFile section */

/* Begin PBXFileReference section */
		FE5C151A20C9F18200F977A7 /* carrier.png */ = {isa = PBXFileReference; lastKnownFileType = image.png; path = carrier.png; sourceTree = "<group>"; };
		FE5C152020C9F29C00F977A7 /* drill-filled.png */ = {isa = PBXFileReference; lastKnownFileType = image.png; path = "drill-filled.png"; sourceTree = "<group>"; };
		FE5C152220C9F44B00F977A7 /* badges.png */ = {isa = PBXFileReference; lastKnownFileType = image.png; path = badges.png; sourceTree = "<group>"; };
		FE5C152420C9F65200F977A7 /* revokes.png */ = {isa = PBXFileReference; lastKnownFileType = image.png; path = revokes.png; sourceTree = "<group>"; };
		FE5C152520C9F65800F977A7 /* updates.png */ = {isa = PBXFileReference; lastKnownFileType = image.png; path = updates.png; sourceTree = "<group>"; };
		FE5C152820CA037200F977A7 /* TweakBox.png */ = {isa = PBXFileReference; lastKnownFileType = image.png; path = TweakBox.png; sourceTree = "<group>"; };
		FE5C152A20CA06D500F977A7 /* TwilightLogo.png */ = {isa = PBXFileReference; lastKnownFileType = image.png; path = TwilightLogo.png; sourceTree = "<group>"; };
		FE5C152C20CA0A0300F977A7 /* emoji.png */ = {isa = PBXFileReference; lastKnownFileType = image.png; path = emoji.png; sourceTree = "<group>"; };
		FE5C152E20CA0AE800F977A7 /* screenresolution.png */ = {isa = PBXFileReference; lastKnownFileType = image.png; path = screenresolution.png; sourceTree = "<group>"; };
		FE5C153020CA126700F977A7 /* Twilight-Bridging-Header.h */ = {isa = PBXFileReference; lastKnownFileType = sourcecode.c.h; path = "Twilight-Bridging-Header.h"; sourceTree = "<group>"; };
		FE5C153120CA126900F977A7 /* UITextField+Placeholder.swift */ = {isa = PBXFileReference; lastKnownFileType = sourcecode.swift; path = "UITextField+Placeholder.swift"; sourceTree = "<group>"; };
		FE5C153420CA132B00F977A7 /* CarrierNameTableViewController.h */ = {isa = PBXFileReference; lastKnownFileType = sourcecode.c.h; path = CarrierNameTableViewController.h; sourceTree = "<group>"; };
		FE5C153520CA132B00F977A7 /* CarrierNameTableViewController.m */ = {isa = PBXFileReference; lastKnownFileType = sourcecode.c.objc; path = CarrierNameTableViewController.m; sourceTree = "<group>"; };
		FE5C153820CA135300F977A7 /* utilities.h */ = {isa = PBXFileReference; lastKnownFileType = sourcecode.c.h; path = utilities.h; sourceTree = "<group>"; };
		FE5C153920CA135300F977A7 /* utilities.m */ = {isa = PBXFileReference; lastKnownFileType = sourcecode.c.objc; path = utilities.m; sourceTree = "<group>"; };
		FE5C153B20CA184300F977A7 /* carrier_screenshot.png */ = {isa = PBXFileReference; lastKnownFileType = image.png; path = carrier_screenshot.png; sourceTree = "<group>"; };
		FE5C153D20CA1A9300F977A7 /* badges_screenshot.png */ = {isa = PBXFileReference; lastKnownFileType = image.png; path = badges_screenshot.png; sourceTree = "<group>"; };
		FE5C154620CA1D9500F977A7 /* kern_utils.h */ = {isa = PBXFileReference; fileEncoding = 4; lastKnownFileType = sourcecode.c.h; path = kern_utils.h; sourceTree = "<group>"; };
		FE5C154720CA1D9500F977A7 /* jelbrek.m */ = {isa = PBXFileReference; fileEncoding = 4; lastKnownFileType = sourcecode.c.objc; path = jelbrek.m; sourceTree = "<group>"; };
		FE5C154820CA1D9500F977A7 /* patchfinder64.h */ = {isa = PBXFileReference; fileEncoding = 4; lastKnownFileType = sourcecode.c.h; path = patchfinder64.h; sourceTree = "<group>"; };
		FE5C154920CA1D9500F977A7 /* offsetof.c */ = {isa = PBXFileReference; fileEncoding = 4; lastKnownFileType = sourcecode.c.c; path = offsetof.c; sourceTree = "<group>"; };
		FE5C154A20CA1D9500F977A7 /* libjb.m */ = {isa = PBXFileReference; fileEncoding = 4; lastKnownFileType = sourcecode.c.objc; path = libjb.m; sourceTree = "<group>"; };
		FE5C154B20CA1D9500F977A7 /* jelbrek.h */ = {isa = PBXFileReference; fileEncoding = 4; lastKnownFileType = sourcecode.c.h; path = jelbrek.h; sourceTree = "<group>"; };
		FE5C154C20CA1D9500F977A7 /* kern_utils.m */ = {isa = PBXFileReference; fileEncoding = 4; lastKnownFileType = sourcecode.c.objc; path = kern_utils.m; sourceTree = "<group>"; };
		FE5C154D20CA1D9500F977A7 /* offsetof.h */ = {isa = PBXFileReference; fileEncoding = 4; lastKnownFileType = sourcecode.c.h; path = offsetof.h; sourceTree = "<group>"; };
		FE5C154E20CA1D9500F977A7 /* patchfinder64.m */ = {isa = PBXFileReference; fileEncoding = 4; lastKnownFileType = sourcecode.c.objc; path = patchfinder64.m; sourceTree = "<group>"; };
		FE5C154F20CA1D9500F977A7 /* libjb.h */ = {isa = PBXFileReference; fileEncoding = 4; lastKnownFileType = sourcecode.c.h; path = libjb.h; sourceTree = "<group>"; };
		FE5D2F8920CA211400995B65 /* MBSegue.h */ = {isa = PBXFileReference; fileEncoding = 4; lastKnownFileType = sourcecode.c.h; path = MBSegue.h; sourceTree = "<group>"; };
		FE5D2F8A20CA211400995B65 /* MBSegue.m */ = {isa = PBXFileReference; fileEncoding = 4; lastKnownFileType = sourcecode.c.objc; path = MBSegue.m; sourceTree = "<group>"; };
		FE5D2F8B20CA211400995B65 /* MBFadeSegue.h */ = {isa = PBXFileReference; fileEncoding = 4; lastKnownFileType = sourcecode.c.h; path = MBFadeSegue.h; sourceTree = "<group>"; };
		FE5D2F8C20CA211500995B65 /* MBFadeSegue.m */ = {isa = PBXFileReference; fileEncoding = 4; lastKnownFileType = sourcecode.c.objc; name = MBFadeSegue.m; path = "../../../Downloads/MBSegueCollection-master/MBSegueCollection/MBFadeSegue.m"; sourceTree = "<group>"; };
		FE5D2F8F20CA27B800995B65 /* twilightupdates.png */ = {isa = PBXFileReference; lastKnownFileType = image.png; path = twilightupdates.png; sourceTree = "<group>"; };
		FE5D2F9120CA2AA400995B65 /* twilight_updates.jpg */ = {isa = PBXFileReference; lastKnownFileType = image.jpeg; path = twilight_updates.jpg; sourceTree = "<group>"; };
		FE5D2F9320CA2D5500995B65 /* ads.png */ = {isa = PBXFileReference; lastKnownFileType = image.png; path = ads.png; sourceTree = "<group>"; };
		FE5D2F9520CA33CA00995B65 /* tweaks.h */ = {isa = PBXFileReference; lastKnownFileType = sourcecode.c.h; path = tweaks.h; sourceTree = "<group>"; };
		FE5D2F9620CA33CA00995B65 /* tweaks.m */ = {isa = PBXFileReference; lastKnownFileType = sourcecode.c.objc; path = tweaks.m; sourceTree = "<group>"; };
		FEDA148320CA488400EB4442 /* SCLSwitchView.h */ = {isa = PBXFileReference; fileEncoding = 4; lastKnownFileType = sourcecode.c.h; path = SCLSwitchView.h; sourceTree = "<group>"; };
		FEDA148420CA488400EB4442 /* SCLTimerDisplay.m */ = {isa = PBXFileReference; fileEncoding = 4; lastKnownFileType = sourcecode.c.objc; path = SCLTimerDisplay.m; sourceTree = "<group>"; };
		FEDA148520CA488400EB4442 /* SCLButton.h */ = {isa = PBXFileReference; fileEncoding = 4; lastKnownFileType = sourcecode.c.h; path = SCLButton.h; sourceTree = "<group>"; };
		FEDA148620CA488400EB4442 /* SCLAlertViewStyleKit.m */ = {isa = PBXFileReference; fileEncoding = 4; lastKnownFileType = sourcecode.c.objc; path = SCLAlertViewStyleKit.m; sourceTree = "<group>"; };
		FEDA148720CA488400EB4442 /* SCLMacros.h */ = {isa = PBXFileReference; fileEncoding = 4; lastKnownFileType = sourcecode.c.h; path = SCLMacros.h; sourceTree = "<group>"; };
		FEDA148820CA488400EB4442 /* UIImage+ImageEffects.h */ = {isa = PBXFileReference; fileEncoding = 4; lastKnownFileType = sourcecode.c.h; path = "UIImage+ImageEffects.h"; sourceTree = "<group>"; };
		FEDA148920CA488400EB4442 /* SCLAlertView.h */ = {isa = PBXFileReference; fileEncoding = 4; lastKnownFileType = sourcecode.c.h; path = SCLAlertView.h; sourceTree = "<group>"; };
		FEDA148A20CA488400EB4442 /* SCLAlertViewResponder.m */ = {isa = PBXFileReference; fileEncoding = 4; lastKnownFileType = sourcecode.c.objc; path = SCLAlertViewResponder.m; sourceTree = "<group>"; };
		FEDA148B20CA488400EB4442 /* SCLTextView.m */ = {isa = PBXFileReference; fileEncoding = 4; lastKnownFileType = sourcecode.c.objc; path = SCLTextView.m; sourceTree = "<group>"; };
		FEDA148C20CA488400EB4442 /* SCLSwitchView.m */ = {isa = PBXFileReference; fileEncoding = 4; lastKnownFileType = sourcecode.c.objc; path = SCLSwitchView.m; sourceTree = "<group>"; };
		FEDA148D20CA488400EB4442 /* SCLAlertViewStyleKit.h */ = {isa = PBXFileReference; fileEncoding = 4; lastKnownFileType = sourcecode.c.h; path = SCLAlertViewStyleKit.h; sourceTree = "<group>"; };
		FEDA148E20CA488400EB4442 /* SCLButton.m */ = {isa = PBXFileReference; fileEncoding = 4; lastKnownFileType = sourcecode.c.objc; path = SCLButton.m; sourceTree = "<group>"; };
		FEDA148F20CA488400EB4442 /* SCLTimerDisplay.h */ = {isa = PBXFileReference; fileEncoding = 4; lastKnownFileType = sourcecode.c.h; path = SCLTimerDisplay.h; sourceTree = "<group>"; };
		FEDA149020CA488400EB4442 /* UIImage+ImageEffects.m */ = {isa = PBXFileReference; fileEncoding = 4; lastKnownFileType = sourcecode.c.objc; path = "UIImage+ImageEffects.m"; sourceTree = "<group>"; };
		FEDA149120CA488400EB4442 /* SCLTextView.h */ = {isa = PBXFileReference; fileEncoding = 4; lastKnownFileType = sourcecode.c.h; path = SCLTextView.h; sourceTree = "<group>"; };
		FEDA149220CA488400EB4442 /* SCLAlertViewResponder.h */ = {isa = PBXFileReference; fileEncoding = 4; lastKnownFileType = sourcecode.c.h; path = SCLAlertViewResponder.h; sourceTree = "<group>"; };
		FEDA149320CA488400EB4442 /* SCLAlertView.m */ = {isa = PBXFileReference; fileEncoding = 4; lastKnownFileType = sourcecode.c.objc; path = SCLAlertView.m; sourceTree = "<group>"; };
		FEE367EC20CA6B4900B4AB55 /* RoundedView.swift */ = {isa = PBXFileReference; fileEncoding = 4; lastKnownFileType = sourcecode.swift; path = RoundedView.swift; sourceTree = "<group>"; };
		FEE367EE20CA6BDF00B4AB55 /* ExploitFailedViewController.h */ = {isa = PBXFileReference; lastKnownFileType = sourcecode.c.h; path = ExploitFailedViewController.h; sourceTree = "<group>"; };
		FEE367EF20CA6BDF00B4AB55 /* ExploitFailedViewController.m */ = {isa = PBXFileReference; lastKnownFileType = sourcecode.c.objc; path = ExploitFailedViewController.m; sourceTree = "<group>"; };
		FEE367F120CA6CC400B4AB55 /* BadgeColorTableViewController.h */ = {isa = PBXFileReference; lastKnownFileType = sourcecode.c.h; path = BadgeColorTableViewController.h; sourceTree = "<group>"; };
		FEE367F220CA6CC400B4AB55 /* BadgeColorTableViewController.m */ = {isa = PBXFileReference; lastKnownFileType = sourcecode.c.objc; path = BadgeColorTableViewController.m; sourceTree = "<group>"; };
		FEE367F420CA704D00B4AB55 /* UIImage+Private.h */ = {isa = PBXFileReference; lastKnownFileType = sourcecode.c.h; path = "UIImage+Private.h"; sourceTree = "<group>"; };
		FEF3267920C9DDD300CD752D /* Twilight.app */ = {isa = PBXFileReference; explicitFileType = wrapper.application; includeInIndex = 0; path = Twilight.app; sourceTree = BUILT_PRODUCTS_DIR; };
		FEF3267C20C9DDD300CD752D /* AppDelegate.h */ = {isa = PBXFileReference; lastKnownFileType = sourcecode.c.h; path = AppDelegate.h; sourceTree = "<group>"; };
		FEF3267D20C9DDD300CD752D /* AppDelegate.m */ = {isa = PBXFileReference; lastKnownFileType = sourcecode.c.objc; path = AppDelegate.m; sourceTree = "<group>"; };
		FEF3268620C9DDD300CD752D /* Base */ = {isa = PBXFileReference; lastKnownFileType = file.storyboard; name = Base; path = Base.lproj/Main.storyboard; sourceTree = "<group>"; };
		FEF3268820C9DDD800CD752D /* Assets.xcassets */ = {isa = PBXFileReference; lastKnownFileType = folder.assetcatalog; path = Assets.xcassets; sourceTree = "<group>"; };
		FEF3268B20C9DDD800CD752D /* Base */ = {isa = PBXFileReference; lastKnownFileType = file.storyboard; name = Base; path = Base.lproj/LaunchScreen.storyboard; sourceTree = "<group>"; };
		FEF3268D20C9DDD800CD752D /* Info.plist */ = {isa = PBXFileReference; lastKnownFileType = text.plist.xml; path = Info.plist; sourceTree = "<group>"; };
		FEF3268E20C9DDD800CD752D /* main.m */ = {isa = PBXFileReference; lastKnownFileType = sourcecode.c.objc; path = main.m; sourceTree = "<group>"; };
		FEF3269520C9E3EF00CD752D /* Twilight.entitlements */ = {isa = PBXFileReference; lastKnownFileType = text.plist.entitlements; path = Twilight.entitlements; sourceTree = "<group>"; };
		FEF3269620C9E4A400CD752D /* HomeTableViewController.h */ = {isa = PBXFileReference; lastKnownFileType = sourcecode.c.h; path = HomeTableViewController.h; sourceTree = "<group>"; };
		FEF3269720C9E4A400CD752D /* HomeTableViewController.m */ = {isa = PBXFileReference; lastKnownFileType = sourcecode.c.objc; path = HomeTableViewController.m; sourceTree = "<group>"; };
		FEFCC4D820CA1DEF0062E025 /* offsets.h */ = {isa = PBXFileReference; fileEncoding = 4; lastKnownFileType = sourcecode.c.h; path = offsets.h; sourceTree = "<group>"; };
		FEFCC4D920CA1DEF0062E025 /* kmem.h */ = {isa = PBXFileReference; fileEncoding = 4; lastKnownFileType = sourcecode.c.h; path = kmem.h; sourceTree = "<group>"; };
		FEFCC4DA20CA1DEF0062E025 /* offsets.m */ = {isa = PBXFileReference; fileEncoding = 4; lastKnownFileType = sourcecode.c.objc; path = offsets.m; sourceTree = "<group>"; };
		FEFCC4DB20CA1DEF0062E025 /* sploit.c */ = {isa = PBXFileReference; fileEncoding = 4; lastKnownFileType = sourcecode.c.c; name = sploit.c; path = "../../../Downloads/multi_path-master/multi_path/sploit.c"; sourceTree = "<group>"; };
		FEFCC4DC20CA1DF00062E025 /* sploit.h */ = {isa = PBXFileReference; fileEncoding = 4; lastKnownFileType = sourcecode.c.h; path = sploit.h; sourceTree = "<group>"; };
		FEFCC4DF20CA1E2E0062E025 /* ExploitingViewController.h */ = {isa = PBXFileReference; lastKnownFileType = sourcecode.c.h; path = ExploitingViewController.h; sourceTree = "<group>"; };
		FEFCC4E020CA1E2E0062E025 /* ExploitingViewController.m */ = {isa = PBXFileReference; lastKnownFileType = sourcecode.c.objc; path = ExploitingViewController.m; sourceTree = "<group>"; };
		FEFCC4E220CA1F7C0062E025 /* macOSMojaveDay.jpg */ = {isa = PBXFileReference; lastKnownFileType = image.jpeg; path = macOSMojaveDay.jpg; sourceTree = "<group>"; };
		FEFCC4E320CA1F7F0062E025 /* macOSMojaveNight.jpg */ = {isa = PBXFileReference; lastKnownFileType = image.jpeg; path = macOSMojaveNight.jpg; sourceTree = "<group>"; };
/* End PBXFileReference section */

/* Begin PBXFrameworksBuildPhase section */
		FEF3267620C9DDD300CD752D /* Frameworks */ = {
			isa = PBXFrameworksBuildPhase;
			buildActionMask = 2147483647;
			files = (
			);
			runOnlyForDeploymentPostprocessing = 0;
		};
/* End PBXFrameworksBuildPhase section */

/* Begin PBXGroup section */
		FE5C151920C9F17700F977A7 /* images */ = {
			isa = PBXGroup;
			children = (
				FE5D2F9320CA2D5500995B65 /* ads.png */,
				FE5D2F9120CA2AA400995B65 /* twilight_updates.jpg */,
				FE5D2F8F20CA27B800995B65 /* twilightupdates.png */,
				FEFCC4E320CA1F7F0062E025 /* macOSMojaveNight.jpg */,
				FEFCC4E220CA1F7C0062E025 /* macOSMojaveDay.jpg */,
				FE5C153D20CA1A9300F977A7 /* badges_screenshot.png */,
				FE5C153B20CA184300F977A7 /* carrier_screenshot.png */,
				FE5C152A20CA06D500F977A7 /* TwilightLogo.png */,
				FE5C152020C9F29C00F977A7 /* drill-filled.png */,
				FE5C151A20C9F18200F977A7 /* carrier.png */,
				FE5C152420C9F65200F977A7 /* revokes.png */,
				FE5C152520C9F65800F977A7 /* updates.png */,
				FE5C152220C9F44B00F977A7 /* badges.png */,
				FE5C152820CA037200F977A7 /* TweakBox.png */,
				FE5C152C20CA0A0300F977A7 /* emoji.png */,
				FE5C152E20CA0AE800F977A7 /* screenresolution.png */,
			);
			path = images;
			sourceTree = "<group>";
		};
		FE5C153320CA130E00F977A7 /* Tweak Applicators */ = {
			isa = PBXGroup;
			children = (
				FE5C153420CA132B00F977A7 /* CarrierNameTableViewController.h */,
				FE5C153520CA132B00F977A7 /* CarrierNameTableViewController.m */,
				FEE367F120CA6CC400B4AB55 /* BadgeColorTableViewController.h */,
				FEE367F220CA6CC400B4AB55 /* BadgeColorTableViewController.m */,
			);
			name = "Tweak Applicators";
			sourceTree = "<group>";
		};
		FE5C153720CA133C00F977A7 /* Global Classes */ = {
			isa = PBXGroup;
			children = (
				FEE367EC20CA6B4900B4AB55 /* RoundedView.swift */,
				FE5C153120CA126900F977A7 /* UITextField+Placeholder.swift */,
				FE5C153820CA135300F977A7 /* utilities.h */,
				FE5C153920CA135300F977A7 /* utilities.m */,
				FE5D2F9520CA33CA00995B65 /* tweaks.h */,
				FE5D2F9620CA33CA00995B65 /* tweaks.m */,
			);
			name = "Global Classes";
			sourceTree = "<group>";
		};
		FE5C154020CA1D0A00F977A7 /* Design */ = {
			isa = PBXGroup;
			children = (
				FEDA148220CA488400EB4442 /* SCLAlertView */,
				FEFCC4E620CA20B30062E025 /* Segues */,
				FE5C151920C9F17700F977A7 /* images */,
				FEF3268520C9DDD300CD752D /* Main.storyboard */,
				FEF3268820C9DDD800CD752D /* Assets.xcassets */,
				FEF3268A20C9DDD800CD752D /* LaunchScreen.storyboard */,
				FEE367F420CA704D00B4AB55 /* UIImage+Private.h */,
			);
			name = Design;
			sourceTree = "<group>";
		};
		FE5C154120CA1D2C00F977A7 /* Misc */ = {
			isa = PBXGroup;
			children = (
				FEF3267C20C9DDD300CD752D /* AppDelegate.h */,
				FEF3267D20C9DDD300CD752D /* AppDelegate.m */,
				FEF3268D20C9DDD800CD752D /* Info.plist */,
				FEF3268E20C9DDD800CD752D /* main.m */,
				FE5C153020CA126700F977A7 /* Twilight-Bridging-Header.h */,
			);
			name = Misc;
			sourceTree = "<group>";
		};
		FE5C154220CA1D4000F977A7 /* View Controllers */ = {
			isa = PBXGroup;
			children = (
				FEF3269620C9E4A400CD752D /* HomeTableViewController.h */,
				FEF3269720C9E4A400CD752D /* HomeTableViewController.m */,
				FEFCC4DF20CA1E2E0062E025 /* ExploitingViewController.h */,
				FEFCC4E020CA1E2E0062E025 /* ExploitingViewController.m */,
				FEE367EE20CA6BDF00B4AB55 /* ExploitFailedViewController.h */,
				FEE367EF20CA6BDF00B4AB55 /* ExploitFailedViewController.m */,
			);
			name = "View Controllers";
			sourceTree = "<group>";
		};
		FE5C154320CA1D4D00F977A7 /* Exploits */ = {
			isa = PBXGroup;
			children = (
				FE5C154420CA1D8A00F977A7 /* multi_path */,
			);
			name = Exploits;
			sourceTree = "<group>";
		};
		FE5C154420CA1D8A00F977A7 /* multi_path */ = {
			isa = PBXGroup;
			children = (
				FEFCC4D920CA1DEF0062E025 /* kmem.h */,
				FEFCC4D820CA1DEF0062E025 /* offsets.h */,
				FEFCC4DA20CA1DEF0062E025 /* offsets.m */,
				FEFCC4DB20CA1DEF0062E025 /* sploit.c */,
				FEFCC4DC20CA1DF00062E025 /* sploit.h */,
				FE5C154520CA1D9500F977A7 /* jelbrek */,
				FEF3269520C9E3EF00CD752D /* Twilight.entitlements */,
			);
			name = multi_path;
			sourceTree = "<group>";
		};
		FE5C154520CA1D9500F977A7 /* jelbrek */ = {
			isa = PBXGroup;
			children = (
				FE5C154620CA1D9500F977A7 /* kern_utils.h */,
				FE5C154720CA1D9500F977A7 /* jelbrek.m */,
				FE5C154820CA1D9500F977A7 /* patchfinder64.h */,
				FE5C154920CA1D9500F977A7 /* offsetof.c */,
				FE5C154A20CA1D9500F977A7 /* libjb.m */,
				FE5C154B20CA1D9500F977A7 /* jelbrek.h */,
				FE5C154C20CA1D9500F977A7 /* kern_utils.m */,
				FE5C154D20CA1D9500F977A7 /* offsetof.h */,
				FE5C154E20CA1D9500F977A7 /* patchfinder64.m */,
				FE5C154F20CA1D9500F977A7 /* libjb.h */,
			);
			path = jelbrek;
			sourceTree = "<group>";
		};
		FEDA148220CA488400EB4442 /* SCLAlertView */ = {
			isa = PBXGroup;
			children = (
				FEDA148320CA488400EB4442 /* SCLSwitchView.h */,
				FEDA148420CA488400EB4442 /* SCLTimerDisplay.m */,
				FEDA148520CA488400EB4442 /* SCLButton.h */,
				FEDA148620CA488400EB4442 /* SCLAlertViewStyleKit.m */,
				FEDA148720CA488400EB4442 /* SCLMacros.h */,
				FEDA148820CA488400EB4442 /* UIImage+ImageEffects.h */,
				FEDA148920CA488400EB4442 /* SCLAlertView.h */,
				FEDA148A20CA488400EB4442 /* SCLAlertViewResponder.m */,
				FEDA148B20CA488400EB4442 /* SCLTextView.m */,
				FEDA148C20CA488400EB4442 /* SCLSwitchView.m */,
				FEDA148D20CA488400EB4442 /* SCLAlertViewStyleKit.h */,
				FEDA148E20CA488400EB4442 /* SCLButton.m */,
				FEDA148F20CA488400EB4442 /* SCLTimerDisplay.h */,
				FEDA149020CA488400EB4442 /* UIImage+ImageEffects.m */,
				FEDA149120CA488400EB4442 /* SCLTextView.h */,
				FEDA149220CA488400EB4442 /* SCLAlertViewResponder.h */,
				FEDA149320CA488400EB4442 /* SCLAlertView.m */,
			);
			path = SCLAlertView;
			sourceTree = "<group>";
		};
		FEF3267020C9DDD300CD752D = {
			isa = PBXGroup;
			children = (
				FEF3267B20C9DDD300CD752D /* Twilight */,
				FEF3267A20C9DDD300CD752D /* Products */,
			);
			sourceTree = "<group>";
		};
		FEF3267A20C9DDD300CD752D /* Products */ = {
			isa = PBXGroup;
			children = (
				FEF3267920C9DDD300CD752D /* Twilight.app */,
			);
			name = Products;
			sourceTree = "<group>";
		};
		FEF3267B20C9DDD300CD752D /* Twilight */ = {
			isa = PBXGroup;
			children = (
				FE5C154320CA1D4D00F977A7 /* Exploits */,
				FE5C154220CA1D4000F977A7 /* View Controllers */,
				FE5C154120CA1D2C00F977A7 /* Misc */,
				FE5C154020CA1D0A00F977A7 /* Design */,
				FE5C153720CA133C00F977A7 /* Global Classes */,
				FE5C153320CA130E00F977A7 /* Tweak Applicators */,
			);
			path = Twilight;
			sourceTree = "<group>";
		};
		FEFCC4E620CA20B30062E025 /* Segues */ = {
			isa = PBXGroup;
			children = (
				FE5D2F8B20CA211400995B65 /* MBFadeSegue.h */,
				FE5D2F8C20CA211500995B65 /* MBFadeSegue.m */,
				FE5D2F8920CA211400995B65 /* MBSegue.h */,
				FE5D2F8A20CA211400995B65 /* MBSegue.m */,
			);
			name = Segues;
			sourceTree = "<group>";
		};
/* End PBXGroup section */

/* Begin PBXNativeTarget section */
		FEF3267820C9DDD300CD752D /* Twilight */ = {
			isa = PBXNativeTarget;
			buildConfigurationList = FEF3269220C9DDD800CD752D /* Build configuration list for PBXNativeTarget "Twilight" */;
			buildPhases = (
				FEF3267520C9DDD300CD752D /* Sources */,
				FEF3267620C9DDD300CD752D /* Frameworks */,
				FEF3267720C9DDD300CD752D /* Resources */,
			);
			buildRules = (
			);
			dependencies = (
			);
			name = Twilight;
			productName = Twilight;
			productReference = FEF3267920C9DDD300CD752D /* Twilight.app */;
			productType = "com.apple.product-type.application";
		};
/* End PBXNativeTarget section */

/* Begin PBXProject section */
		FEF3267120C9DDD300CD752D /* Project object */ = {
			isa = PBXProject;
			attributes = {
				LastUpgradeCheck = 1000;
				ORGANIZATIONNAME = "JJS Digital";
				TargetAttributes = {
					FEF3267820C9DDD300CD752D = {
						CreatedOnToolsVersion = 10.0;
						LastSwiftMigration = 1000;
						SystemCapabilities = {
							com.apple.Multipath = {
								enabled = 1;
							};
						};
					};
				};
			};
			buildConfigurationList = FEF3267420C9DDD300CD752D /* Build configuration list for PBXProject "Twilight" */;
			compatibilityVersion = "Xcode 9.3";
			developmentRegion = en;
			hasScannedForEncodings = 0;
			knownRegions = (
				en,
				Base,
			);
			mainGroup = FEF3267020C9DDD300CD752D;
			productRefGroup = FEF3267A20C9DDD300CD752D /* Products */;
			projectDirPath = "";
			projectRoot = "";
			targets = (
				FEF3267820C9DDD300CD752D /* Twilight */,
			);
		};
/* End PBXProject section */

/* Begin PBXResourcesBuildPhase section */
		FEF3267720C9DDD300CD752D /* Resources */ = {
			isa = PBXResourcesBuildPhase;
			buildActionMask = 2147483647;
			files = (
				FE5C152620C9F65900F977A7 /* revokes.png in Resources */,
				FE5C152920CA037300F977A7 /* TweakBox.png in Resources */,
				FE5C152D20CA0A0900F977A7 /* emoji.png in Resources */,
				FEFCC4E420CA1F810062E025 /* macOSMojaveDay.jpg in Resources */,
				FE5D2F9220CA2AA900995B65 /* twilight_updates.jpg in Resources */,
				FEF3268C20C9DDD800CD752D /* LaunchScreen.storyboard in Resources */,
				FE5C153C20CA184600F977A7 /* carrier_screenshot.png in Resources */,
				FE5C152120C9F29C00F977A7 /* drill-filled.png in Resources */,
				FEF3268920C9DDD800CD752D /* Assets.xcassets in Resources */,
				FE5C153E20CA1A9600F977A7 /* badges_screenshot.png in Resources */,
				FE5C152720C9F65900F977A7 /* updates.png in Resources */,
				FE5D2F9420CA2D5A00995B65 /* ads.png in Resources */,
				FE5C152F20CA0AEA00F977A7 /* screenresolution.png in Resources */,
				FEFCC4E520CA1F810062E025 /* macOSMojaveNight.jpg in Resources */,
				FE5C151B20C9F18200F977A7 /* carrier.png in Resources */,
				FEF3268720C9DDD300CD752D /* Main.storyboard in Resources */,
				FE5C152B20CA06D800F977A7 /* TwilightLogo.png in Resources */,
				FE5C152320C9F44D00F977A7 /* badges.png in Resources */,
				FE5D2F9020CA27BC00995B65 /* twilightupdates.png in Resources */,
			);
			runOnlyForDeploymentPostprocessing = 0;
		};
/* End PBXResourcesBuildPhase section */

/* Begin PBXSourcesBuildPhase section */
		FEF3267520C9DDD300CD752D /* Sources */ = {
			isa = PBXSourcesBuildPhase;
			buildActionMask = 2147483647;
			files = (
				FEDA149B20CA488400EB4442 /* SCLAlertView.m in Sources */,
				FE5D2F8E20CA211500995B65 /* MBFadeSegue.m in Sources */,
				FE5C155220CA1D9500F977A7 /* libjb.m in Sources */,
				FE5C155020CA1D9500F977A7 /* jelbrek.m in Sources */,
				FEDA149820CA488400EB4442 /* SCLSwitchView.m in Sources */,
				FE5D2F8D20CA211500995B65 /* MBSegue.m in Sources */,
				FEF3269820C9E4A400CD752D /* HomeTableViewController.m in Sources */,
				FEDA149920CA488400EB4442 /* SCLButton.m in Sources */,
				FEDA149720CA488400EB4442 /* SCLTextView.m in Sources */,
				FEDA149A20CA488400EB4442 /* UIImage+ImageEffects.m in Sources */,
				FEDA149520CA488400EB4442 /* SCLAlertViewStyleKit.m in Sources */,
				FE5C155320CA1D9500F977A7 /* kern_utils.m in Sources */,
				FE5C153A20CA135300F977A7 /* utilities.m in Sources */,
				FEE367F020CA6BDF00B4AB55 /* ExploitFailedViewController.m in Sources */,
				FE5D2F9720CA33CA00995B65 /* tweaks.m in Sources */,
				FEFCC4E120CA1E2E0062E025 /* ExploitingViewController.m in Sources */,
				FEF3267E20C9DDD300CD752D /* AppDelegate.m in Sources */,
				FE5C153620CA132B00F977A7 /* CarrierNameTableViewController.m in Sources */,
				FE5C153220CA126900F977A7 /* UITextField+Placeholder.swift in Sources */,
				FEF3268F20C9DDD800CD752D /* main.m in Sources */,
				FEDA149420CA488400EB4442 /* SCLTimerDisplay.m in Sources */,
				FEE367ED20CA6B4900B4AB55 /* RoundedView.swift in Sources */,
				FE5C155420CA1D9500F977A7 /* patchfinder64.m in Sources */,
				FEE367F320CA6CC400B4AB55 /* BadgeColorTableViewController.m in Sources */,
				FEFCC4DD20CA1DF00062E025 /* offsets.m in Sources */,
				FEDA149620CA488400EB4442 /* SCLAlertViewResponder.m in Sources */,
				FE5C155120CA1D9500F977A7 /* offsetof.c in Sources */,
				FEFCC4DE20CA1DF00062E025 /* sploit.c in Sources */,
			);
			runOnlyForDeploymentPostprocessing = 0;
		};
/* End PBXSourcesBuildPhase section */

/* Begin PBXVariantGroup section */
		FEF3268520C9DDD300CD752D /* Main.storyboard */ = {
			isa = PBXVariantGroup;
			children = (
				FEF3268620C9DDD300CD752D /* Base */,
			);
			name = Main.storyboard;
			sourceTree = "<group>";
		};
		FEF3268A20C9DDD800CD752D /* LaunchScreen.storyboard */ = {
			isa = PBXVariantGroup;
			children = (
				FEF3268B20C9DDD800CD752D /* Base */,
			);
			name = LaunchScreen.storyboard;
			sourceTree = "<group>";
		};
/* End PBXVariantGroup section */

/* Begin XCBuildConfiguration section */
		FEF3269020C9DDD800CD752D /* Debug */ = {
			isa = XCBuildConfiguration;
			buildSettings = {
				ALWAYS_SEARCH_USER_PATHS = NO;
				CLANG_ANALYZER_NONNULL = YES;
				CLANG_ANALYZER_NUMBER_OBJECT_CONVERSION = YES_AGGRESSIVE;
				CLANG_CXX_LANGUAGE_STANDARD = "gnu++14";
				CLANG_CXX_LIBRARY = "libc++";
				CLANG_ENABLE_MODULES = YES;
				CLANG_ENABLE_OBJC_ARC = YES;
				CLANG_ENABLE_OBJC_WEAK = YES;
				CLANG_WARN_BLOCK_CAPTURE_AUTORELEASING = YES;
				CLANG_WARN_BOOL_CONVERSION = YES;
				CLANG_WARN_COMMA = YES;
				CLANG_WARN_CONSTANT_CONVERSION = YES;
				CLANG_WARN_DEPRECATED_OBJC_IMPLEMENTATIONS = YES;
				CLANG_WARN_DIRECT_OBJC_ISA_USAGE = YES_ERROR;
				CLANG_WARN_DOCUMENTATION_COMMENTS = YES;
				CLANG_WARN_EMPTY_BODY = YES;
				CLANG_WARN_ENUM_CONVERSION = YES;
				CLANG_WARN_INFINITE_RECURSION = YES;
				CLANG_WARN_INT_CONVERSION = YES;
				CLANG_WARN_NON_LITERAL_NULL_CONVERSION = YES;
				CLANG_WARN_OBJC_IMPLICIT_RETAIN_SELF = YES;
				CLANG_WARN_OBJC_LITERAL_CONVERSION = YES;
				CLANG_WARN_OBJC_ROOT_CLASS = YES_ERROR;
				CLANG_WARN_RANGE_LOOP_ANALYSIS = YES;
				CLANG_WARN_STRICT_PROTOTYPES = YES;
				CLANG_WARN_SUSPICIOUS_MOVE = YES;
				CLANG_WARN_UNGUARDED_AVAILABILITY = YES_AGGRESSIVE;
				CLANG_WARN_UNREACHABLE_CODE = YES;
				CLANG_WARN__DUPLICATE_METHOD_MATCH = YES;
				CODE_SIGN_IDENTITY = "iPhone Developer";
				COPY_PHASE_STRIP = NO;
				DEBUG_INFORMATION_FORMAT = dwarf;
				ENABLE_STRICT_OBJC_MSGSEND = YES;
				ENABLE_TESTABILITY = YES;
				GCC_C_LANGUAGE_STANDARD = gnu11;
				GCC_DYNAMIC_NO_PIC = NO;
				GCC_NO_COMMON_BLOCKS = YES;
				GCC_OPTIMIZATION_LEVEL = 0;
				GCC_PREPROCESSOR_DEFINITIONS = (
					"DEBUG=1",
					"$(inherited)",
				);
				GCC_WARN_64_TO_32_BIT_CONVERSION = YES;
				GCC_WARN_ABOUT_RETURN_TYPE = YES_ERROR;
				GCC_WARN_UNDECLARED_SELECTOR = YES;
				GCC_WARN_UNINITIALIZED_AUTOS = YES_AGGRESSIVE;
				GCC_WARN_UNUSED_FUNCTION = YES;
				GCC_WARN_UNUSED_VARIABLE = YES;
				IPHONEOS_DEPLOYMENT_TARGET = 12.0;
				MTL_ENABLE_DEBUG_INFO = INCLUDE_SOURCE;
				ONLY_ACTIVE_ARCH = YES;
				SDKROOT = iphoneos;
			};
			name = Debug;
		};
		FEF3269120C9DDD800CD752D /* Release */ = {
			isa = XCBuildConfiguration;
			buildSettings = {
				ALWAYS_SEARCH_USER_PATHS = NO;
				CLANG_ANALYZER_NONNULL = YES;
				CLANG_ANALYZER_NUMBER_OBJECT_CONVERSION = YES_AGGRESSIVE;
				CLANG_CXX_LANGUAGE_STANDARD = "gnu++14";
				CLANG_CXX_LIBRARY = "libc++";
				CLANG_ENABLE_MODULES = YES;
				CLANG_ENABLE_OBJC_ARC = YES;
				CLANG_ENABLE_OBJC_WEAK = YES;
				CLANG_WARN_BLOCK_CAPTURE_AUTORELEASING = YES;
				CLANG_WARN_BOOL_CONVERSION = YES;
				CLANG_WARN_COMMA = YES;
				CLANG_WARN_CONSTANT_CONVERSION = YES;
				CLANG_WARN_DEPRECATED_OBJC_IMPLEMENTATIONS = YES;
				CLANG_WARN_DIRECT_OBJC_ISA_USAGE = YES_ERROR;
				CLANG_WARN_DOCUMENTATION_COMMENTS = YES;
				CLANG_WARN_EMPTY_BODY = YES;
				CLANG_WARN_ENUM_CONVERSION = YES;
				CLANG_WARN_INFINITE_RECURSION = YES;
				CLANG_WARN_INT_CONVERSION = YES;
				CLANG_WARN_NON_LITERAL_NULL_CONVERSION = YES;
				CLANG_WARN_OBJC_IMPLICIT_RETAIN_SELF = YES;
				CLANG_WARN_OBJC_LITERAL_CONVERSION = YES;
				CLANG_WARN_OBJC_ROOT_CLASS = YES_ERROR;
				CLANG_WARN_RANGE_LOOP_ANALYSIS = YES;
				CLANG_WARN_STRICT_PROTOTYPES = YES;
				CLANG_WARN_SUSPICIOUS_MOVE = YES;
				CLANG_WARN_UNGUARDED_AVAILABILITY = YES_AGGRESSIVE;
				CLANG_WARN_UNREACHABLE_CODE = YES;
				CLANG_WARN__DUPLICATE_METHOD_MATCH = YES;
				CODE_SIGN_IDENTITY = "iPhone Developer";
				COPY_PHASE_STRIP = NO;
				DEBUG_INFORMATION_FORMAT = "dwarf-with-dsym";
				ENABLE_NS_ASSERTIONS = NO;
				ENABLE_STRICT_OBJC_MSGSEND = YES;
				GCC_C_LANGUAGE_STANDARD = gnu11;
				GCC_NO_COMMON_BLOCKS = YES;
				GCC_WARN_64_TO_32_BIT_CONVERSION = YES;
				GCC_WARN_ABOUT_RETURN_TYPE = YES_ERROR;
				GCC_WARN_UNDECLARED_SELECTOR = YES;
				GCC_WARN_UNINITIALIZED_AUTOS = YES_AGGRESSIVE;
				GCC_WARN_UNUSED_FUNCTION = YES;
				GCC_WARN_UNUSED_VARIABLE = YES;
				IPHONEOS_DEPLOYMENT_TARGET = 12.0;
				MTL_ENABLE_DEBUG_INFO = NO;
				SDKROOT = iphoneos;
				VALIDATE_PRODUCT = YES;
			};
			name = Release;
		};
		FEF3269320C9DDD800CD752D /* Debug */ = {
			isa = XCBuildConfiguration;
			buildSettings = {
				ASSETCATALOG_COMPILER_APPICON_NAME = AppIcon;
				CLANG_ENABLE_MODULES = YES;
				CODE_SIGN_ENTITLEMENTS = Twilight/Twilight.entitlements;
				CODE_SIGN_STYLE = Automatic;
				DEVELOPMENT_TEAM = 6578A826QL;
				INFOPLIST_FILE = Twilight/Info.plist;
				IPHONEOS_DEPLOYMENT_TARGET = 11.0;
				LD_RUNPATH_SEARCH_PATHS = (
					"$(inherited)",
					"@executable_path/Frameworks",
				);
				PRODUCT_BUNDLE_IDENTIFIER = digital.jjs.Twilight;
				PRODUCT_NAME = "$(TARGET_NAME)";
				SWIFT_OBJC_BRIDGING_HEADER = "Twilight/Twilight-Bridging-Header.h";
				SWIFT_OPTIMIZATION_LEVEL = "-Onone";
				SWIFT_VERSION = 4.2;
				TARGETED_DEVICE_FAMILY = "1,2";
			};
			name = Debug;
		};
		FEF3269420C9DDD800CD752D /* Release */ = {
			isa = XCBuildConfiguration;
			buildSettings = {
				ASSETCATALOG_COMPILER_APPICON_NAME = AppIcon;
				CLANG_ENABLE_MODULES = YES;
				CODE_SIGN_ENTITLEMENTS = Twilight/Twilight.entitlements;
				CODE_SIGN_STYLE = Automatic;
				DEVELOPMENT_TEAM = 6578A826QL;
				INFOPLIST_FILE = Twilight/Info.plist;
				IPHONEOS_DEPLOYMENT_TARGET = 11.0;
				LD_RUNPATH_SEARCH_PATHS = (
					"$(inherited)",
					"@executable_path/Frameworks",
				);
				PRODUCT_BUNDLE_IDENTIFIER = digital.jjs.Twilight;
				PRODUCT_NAME = "$(TARGET_NAME)";
				SWIFT_OBJC_BRIDGING_HEADER = "Twilight/Twilight-Bridging-Header.h";
				SWIFT_VERSION = 4.2;
				TARGETED_DEVICE_FAMILY = "1,2";
			};
			name = Release;
		};
/* End XCBuildConfiguration section */

/* Begin XCConfigurationList section */
		FEF3267420C9DDD300CD752D /* Build configuration list for PBXProject "Twilight" */ = {
			isa = XCConfigurationList;
			buildConfigurations = (
				FEF3269020C9DDD800CD752D /* Debug */,
				FEF3269120C9DDD800CD752D /* Release */,
			);
			defaultConfigurationIsVisible = 0;
			defaultConfigurationName = Release;
		};
		FEF3269220C9DDD800CD752D /* Build configuration list for PBXNativeTarget "Twilight" */ = {
			isa = XCConfigurationList;
			buildConfigurations = (
				FEF3269320C9DDD800CD752D /* Debug */,
				FEF3269420C9DDD800CD752D /* Release */,
			);
			defaultConfigurationIsVisible = 0;
			defaultConfigurationName = Release;
		};
/* End XCConfigurationList section */
	};
	rootObject = FEF3267120C9DDD300CD752D /* Project object */;
}
